// !$*UTF8*$!
{
	archiveVersion = 1;
	classes = {
	};
	objectVersion = 55;
	objects = {

/* Begin PBXBuildFile section */
		FF398B8E28D205E3005D4D1C /* FilterView.swift in Sources */ = {isa = PBXBuildFile; fileRef = FF398B8D28D205E2005D4D1C /* FilterView.swift */; };
		FF58749328CACD6B00DD4FF4 /* CarListingApp.swift in Sources */ = {isa = PBXBuildFile; fileRef = FF58749228CACD6B00DD4FF4 /* CarListingApp.swift */; };
		FF58749528CACD6B00DD4FF4 /* ListingView.swift in Sources */ = {isa = PBXBuildFile; fileRef = FF58749428CACD6B00DD4FF4 /* ListingView.swift */; };
		FF58749728CACD6F00DD4FF4 /* Assets.xcassets in Resources */ = {isa = PBXBuildFile; fileRef = FF58749628CACD6F00DD4FF4 /* Assets.xcassets */; };
		FF58749A28CACD6F00DD4FF4 /* Preview Assets.xcassets in Resources */ = {isa = PBXBuildFile; fileRef = FF58749928CACD6F00DD4FF4 /* Preview Assets.xcassets */; };
		FF5874A728CAD87700DD4FF4 /* car_list.json in Resources */ = {isa = PBXBuildFile; fileRef = FF5874A628CAD87700DD4FF4 /* car_list.json */; };
		FFF2085F28CE51000017BF1F /* Car.swift in Sources */ = {isa = PBXBuildFile; fileRef = FFF2085E28CE51000017BF1F /* Car.swift */; };
		FFF2086128CE52E00017BF1F /* Bundle.swift in Sources */ = {isa = PBXBuildFile; fileRef = FFF2086028CE52E00017BF1F /* Bundle.swift */; };
		FFF2086428CE55550017BF1F /* CarlistViewModel.swift in Sources */ = {isa = PBXBuildFile; fileRef = FFF2086328CE55550017BF1F /* CarlistViewModel.swift */; };
		FFF2086628CE5EB90017BF1F /* CarCardView.swift in Sources */ = {isa = PBXBuildFile; fileRef = FFF2086528CE5EB80017BF1F /* CarCardView.swift */; };
		FFF2086828CEC0BC0017BF1F /* ExternalWeblinkView.swift in Sources */ = {isa = PBXBuildFile; fileRef = FFF2086728CEC0BC0017BF1F /* ExternalWeblinkView.swift */; };
/* End PBXBuildFile section */

/* Begin PBXFileReference section */
		FF398B8D28D205E2005D4D1C /* FilterView.swift */ = {isa = PBXFileReference; lastKnownFileType = sourcecode.swift; path = FilterView.swift; sourceTree = "<group>"; };
		FF58748F28CACD6B00DD4FF4 /* CarListing.app */ = {isa = PBXFileReference; explicitFileType = wrapper.application; includeInIndex = 0; path = CarListing.app; sourceTree = BUILT_PRODUCTS_DIR; };
		FF58749228CACD6B00DD4FF4 /* CarListingApp.swift */ = {isa = PBXFileReference; lastKnownFileType = sourcecode.swift; path = CarListingApp.swift; sourceTree = "<group>"; };
		FF58749428CACD6B00DD4FF4 /* ListingView.swift */ = {isa = PBXFileReference; lastKnownFileType = sourcecode.swift; path = ListingView.swift; sourceTree = "<group>"; };
		FF58749628CACD6F00DD4FF4 /* Assets.xcassets */ = {isa = PBXFileReference; lastKnownFileType = folder.assetcatalog; path = Assets.xcassets; sourceTree = "<group>"; };
		FF58749928CACD6F00DD4FF4 /* Preview Assets.xcassets */ = {isa = PBXFileReference; lastKnownFileType = folder.assetcatalog; path = "Preview Assets.xcassets"; sourceTree = "<group>"; };
		FF5874A628CAD87700DD4FF4 /* car_list.json */ = {isa = PBXFileReference; fileEncoding = 4; lastKnownFileType = text.json; path = car_list.json; sourceTree = "<group>"; };
		FFF2085E28CE51000017BF1F /* Car.swift */ = {isa = PBXFileReference; lastKnownFileType = sourcecode.swift; path = Car.swift; sourceTree = "<group>"; };
		FFF2086028CE52E00017BF1F /* Bundle.swift */ = {isa = PBXFileReference; lastKnownFileType = sourcecode.swift; path = Bundle.swift; sourceTree = "<group>"; };
		FFF2086328CE55550017BF1F /* CarlistViewModel.swift */ = {isa = PBXFileReference; lastKnownFileType = sourcecode.swift; path = CarlistViewModel.swift; sourceTree = "<group>"; };
		FFF2086528CE5EB80017BF1F /* CarCardView.swift */ = {isa = PBXFileReference; lastKnownFileType = sourcecode.swift; path = CarCardView.swift; sourceTree = "<group>"; };
		FFF2086728CEC0BC0017BF1F /* ExternalWeblinkView.swift */ = {isa = PBXFileReference; lastKnownFileType = sourcecode.swift; path = ExternalWeblinkView.swift; sourceTree = "<group>"; };
/* End PBXFileReference section */

/* Begin PBXFrameworksBuildPhase section */
		FF58748C28CACD6B00DD4FF4 /* Frameworks */ = {
			isa = PBXFrameworksBuildPhase;
			buildActionMask = 2147483647;
			files = (
			);
			runOnlyForDeploymentPostprocessing = 0;
		};
/* End PBXFrameworksBuildPhase section */

/* Begin PBXGroup section */
		FF58748628CACD6B00DD4FF4 = {
			isa = PBXGroup;
			children = (
				FF58749128CACD6B00DD4FF4 /* CarListing */,
				FF58749028CACD6B00DD4FF4 /* Products */,
			);
			sourceTree = "<group>";
		};
		FF58749028CACD6B00DD4FF4 /* Products */ = {
			isa = PBXGroup;
			children = (
				FF58748F28CACD6B00DD4FF4 /* CarListing.app */,
			);
			name = Products;
			sourceTree = "<group>";
		};
		FF58749128CACD6B00DD4FF4 /* CarListing */ = {
			isa = PBXGroup;
			children = (
				FF5874A528CAD6CA00DD4FF4 /* Extensions */,
				FF5874A328CAD5B600DD4FF4 /* Screens */,
				FF5874A228CAD5AB00DD4FF4 /* Models */,
				FF5874A128CAD5A100DD4FF4 /* Manager */,
				FF5874A028CAD59800DD4FF4 /* Data */,
				FF58749228CACD6B00DD4FF4 /* CarListingApp.swift */,
				FF58749628CACD6F00DD4FF4 /* Assets.xcassets */,
				FF58749828CACD6F00DD4FF4 /* Preview Content */,
			);
			path = CarListing;
			sourceTree = "<group>";
		};
		FF58749828CACD6F00DD4FF4 /* Preview Content */ = {
			isa = PBXGroup;
			children = (
				FF58749928CACD6F00DD4FF4 /* Preview Assets.xcassets */,
			);
			path = "Preview Content";
			sourceTree = "<group>";
		};
		FF5874A028CAD59800DD4FF4 /* Data */ = {
			isa = PBXGroup;
			children = (
				FF5874A628CAD87700DD4FF4 /* car_list.json */,
			);
			path = Data;
			sourceTree = "<group>";
		};
		FF5874A128CAD5A100DD4FF4 /* Manager */ = {
			isa = PBXGroup;
			children = (
			);
			path = Manager;
			sourceTree = "<group>";
		};
		FF5874A228CAD5AB00DD4FF4 /* Models */ = {
			isa = PBXGroup;
			children = (
				FFF2085E28CE51000017BF1F /* Car.swift */,
			);
			path = Models;
			sourceTree = "<group>";
		};
		FF5874A328CAD5B600DD4FF4 /* Screens */ = {
			isa = PBXGroup;
			children = (
				FFF2086228CE55370017BF1F /* ViewModels */,
				FF58749428CACD6B00DD4FF4 /* ListingView.swift */,
				FF5874A428CAD6AB00DD4FF4 /* CustomViews */,
			);
			path = Screens;
			sourceTree = "<group>";
		};
		FF5874A428CAD6AB00DD4FF4 /* CustomViews */ = {
			isa = PBXGroup;
			children = (
				FFF2086528CE5EB80017BF1F /* CarCardView.swift */,
				FFF2086728CEC0BC0017BF1F /* ExternalWeblinkView.swift */,
				FF398B8D28D205E2005D4D1C /* FilterView.swift */,
			);
			path = CustomViews;
			sourceTree = "<group>";
		};
		FF5874A528CAD6CA00DD4FF4 /* Extensions */ = {
			isa = PBXGroup;
			children = (
				FFF2086028CE52E00017BF1F /* Bundle.swift */,
			);
			path = Extensions;
			sourceTree = "<group>";
		};
		FFF2086228CE55370017BF1F /* ViewModels */ = {
			isa = PBXGroup;
			children = (
				FFF2086328CE55550017BF1F /* CarlistViewModel.swift */,
			);
			path = ViewModels;
			sourceTree = "<group>";
		};
/* End PBXGroup section */

/* Begin PBXNativeTarget section */
		FF58748E28CACD6B00DD4FF4 /* CarListing */ = {
			isa = PBXNativeTarget;
			buildConfigurationList = FF58749D28CACD6F00DD4FF4 /* Build configuration list for PBXNativeTarget "CarListing" */;
			buildPhases = (
				FF58748B28CACD6B00DD4FF4 /* Sources */,
				FF58748C28CACD6B00DD4FF4 /* Frameworks */,
				FF58748D28CACD6B00DD4FF4 /* Resources */,
			);
			buildRules = (
			);
			dependencies = (
			);
			name = CarListing;
			productName = CarListing;
			productReference = FF58748F28CACD6B00DD4FF4 /* CarListing.app */;
			productType = "com.apple.product-type.application";
		};
/* End PBXNativeTarget section */

/* Begin PBXProject section */
		FF58748728CACD6B00DD4FF4 /* Project object */ = {
			isa = PBXProject;
			attributes = {
				BuildIndependentTargetsInParallel = 1;
				LastSwiftUpdateCheck = 1340;
				LastUpgradeCheck = 1340;
				TargetAttributes = {
					FF58748E28CACD6B00DD4FF4 = {
						CreatedOnToolsVersion = 13.4.1;
					};
				};
			};
			buildConfigurationList = FF58748A28CACD6B00DD4FF4 /* Build configuration list for PBXProject "CarListing" */;
			compatibilityVersion = "Xcode 13.0";
			developmentRegion = en;
			hasScannedForEncodings = 0;
			knownRegions = (
				en,
				Base,
			);
			mainGroup = FF58748628CACD6B00DD4FF4;
			productRefGroup = FF58749028CACD6B00DD4FF4 /* Products */;
			projectDirPath = "";
			projectRoot = "";
			targets = (
				FF58748E28CACD6B00DD4FF4 /* CarListing */,
			);
		};
/* End PBXProject section */

/* Begin PBXResourcesBuildPhase section */
		FF58748D28CACD6B00DD4FF4 /* Resources */ = {
			isa = PBXResourcesBuildPhase;
			buildActionMask = 2147483647;
			files = (
				FF58749A28CACD6F00DD4FF4 /* Preview Assets.xcassets in Resources */,
				FF5874A728CAD87700DD4FF4 /* car_list.json in Resources */,
				FF58749728CACD6F00DD4FF4 /* Assets.xcassets in Resources */,
			);
			runOnlyForDeploymentPostprocessing = 0;
		};
/* End PBXResourcesBuildPhase section */

/* Begin PBXSourcesBuildPhase section */
		FF58748B28CACD6B00DD4FF4 /* Sources */ = {
			isa = PBXSourcesBuildPhase;
			buildActionMask = 2147483647;
			files = (
				FFF2086428CE55550017BF1F /* CarlistViewModel.swift in Sources */,
				FF58749528CACD6B00DD4FF4 /* ListingView.swift in Sources */,
				FFF2086128CE52E00017BF1F /* Bundle.swift in Sources */,
				FF58749328CACD6B00DD4FF4 /* CarListingApp.swift in Sources */,
				FF398B8E28D205E3005D4D1C /* FilterView.swift in Sources */,
				FFF2085F28CE51000017BF1F /* Car.swift in Sources */,
				FFF2086628CE5EB90017BF1F /* CarCardView.swift in Sources */,
				FFF2086828CEC0BC0017BF1F /* ExternalWeblinkView.swift in Sources */,
			);
			runOnlyForDeploymentPostprocessing = 0;
		};
/* End PBXSourcesBuildPhase section */

/* Begin XCBuildConfiguration section */
		FF58749B28CACD6F00DD4FF4 /* Debug */ = {
			isa = XCBuildConfiguration;
			buildSettings = {
				ALWAYS_SEARCH_USER_PATHS = NO;
				CLANG_ANALYZER_NONNULL = YES;
				CLANG_ANALYZER_NUMBER_OBJECT_CONVERSION = YES_AGGRESSIVE;
				CLANG_CXX_LANGUAGE_STANDARD = "gnu++17";
				CLANG_ENABLE_MODULES = YES;
				CLANG_ENABLE_OBJC_ARC = YES;
				CLANG_ENABLE_OBJC_WEAK = YES;
				CLANG_WARN_BLOCK_CAPTURE_AUTORELEASING = YES;
				CLANG_WARN_BOOL_CONVERSION = YES;
				CLANG_WARN_COMMA = YES;
				CLANG_WARN_CONSTANT_CONVERSION = YES;
				CLANG_WARN_DEPRECATED_OBJC_IMPLEMENTATIONS = YES;
				CLANG_WARN_DIRECT_OBJC_ISA_USAGE = YES_ERROR;
				CLANG_WARN_DOCUMENTATION_COMMENTS = YES;
				CLANG_WARN_EMPTY_BODY = YES;
				CLANG_WARN_ENUM_CONVERSION = YES;
				CLANG_WARN_INFINITE_RECURSION = YES;
				CLANG_WARN_INT_CONVERSION = YES;
				CLANG_WARN_NON_LITERAL_NULL_CONVERSION = YES;
				CLANG_WARN_OBJC_IMPLICIT_RETAIN_SELF = YES;
				CLANG_WARN_OBJC_LITERAL_CONVERSION = YES;
				CLANG_WARN_OBJC_ROOT_CLASS = YES_ERROR;
				CLANG_WARN_QUOTED_INCLUDE_IN_FRAMEWORK_HEADER = YES;
				CLANG_WARN_RANGE_LOOP_ANALYSIS = YES;
				CLANG_WARN_STRICT_PROTOTYPES = YES;
				CLANG_WARN_SUSPICIOUS_MOVE = YES;
				CLANG_WARN_UNGUARDED_AVAILABILITY = YES_AGGRESSIVE;
				CLANG_WARN_UNREACHABLE_CODE = YES;
				CLANG_WARN__DUPLICATE_METHOD_MATCH = YES;
				COPY_PHASE_STRIP = NO;
				DEBUG_INFORMATION_FORMAT = dwarf;
				ENABLE_STRICT_OBJC_MSGSEND = YES;
				ENABLE_TESTABILITY = YES;
				GCC_C_LANGUAGE_STANDARD = gnu11;
				GCC_DYNAMIC_NO_PIC = NO;
				GCC_NO_COMMON_BLOCKS = YES;
				GCC_OPTIMIZATION_LEVEL = 0;
				GCC_PREPROCESSOR_DEFINITIONS = (
					"DEBUG=1",
					"$(inherited)",
				);
				GCC_WARN_64_TO_32_BIT_CONVERSION = YES;
				GCC_WARN_ABOUT_RETURN_TYPE = YES_ERROR;
				GCC_WARN_UNDECLARED_SELECTOR = YES;
				GCC_WARN_UNINITIALIZED_AUTOS = YES_AGGRESSIVE;
				GCC_WARN_UNUSED_FUNCTION = YES;
				GCC_WARN_UNUSED_VARIABLE = YES;
				IPHONEOS_DEPLOYMENT_TARGET = 15.5;
				MTL_ENABLE_DEBUG_INFO = INCLUDE_SOURCE;
				MTL_FAST_MATH = YES;
				ONLY_ACTIVE_ARCH = YES;
				SDKROOT = iphoneos;
				SWIFT_ACTIVE_COMPILATION_CONDITIONS = DEBUG;
				SWIFT_OPTIMIZATION_LEVEL = "-Onone";
			};
			name = Debug;
		};
		FF58749C28CACD6F00DD4FF4 /* Release */ = {
			isa = XCBuildConfiguration;
			buildSettings = {
				ALWAYS_SEARCH_USER_PATHS = NO;
				CLANG_ANALYZER_NONNULL = YES;
				CLANG_ANALYZER_NUMBER_OBJECT_CONVERSION = YES_AGGRESSIVE;
				CLANG_CXX_LANGUAGE_STANDARD = "gnu++17";
				CLANG_ENABLE_MODULES = YES;
				CLANG_ENABLE_OBJC_ARC = YES;
				CLANG_ENABLE_OBJC_WEAK = YES;
				CLANG_WARN_BLOCK_CAPTURE_AUTORELEASING = YES;
				CLANG_WARN_BOOL_CONVERSION = YES;
				CLANG_WARN_COMMA = YES;
				CLANG_WARN_CONSTANT_CONVERSION = YES;
				CLANG_WARN_DEPRECATED_OBJC_IMPLEMENTATIONS = YES;
				CLANG_WARN_DIRECT_OBJC_ISA_USAGE = YES_ERROR;
				CLANG_WARN_DOCUMENTATION_COMMENTS = YES;
				CLANG_WARN_EMPTY_BODY = YES;
				CLANG_WARN_ENUM_CONVERSION = YES;
				CLANG_WARN_INFINITE_RECURSION = YES;
				CLANG_WARN_INT_CONVERSION = YES;
				CLANG_WARN_NON_LITERAL_NULL_CONVERSION = YES;
				CLANG_WARN_OBJC_IMPLICIT_RETAIN_SELF = YES;
				CLANG_WARN_OBJC_LITERAL_CONVERSION = YES;
				CLANG_WARN_OBJC_ROOT_CLASS = YES_ERROR;
				CLANG_WARN_QUOTED_INCLUDE_IN_FRAMEWORK_HEADER = YES;
				CLANG_WARN_RANGE_LOOP_ANALYSIS = YES;
				CLANG_WARN_STRICT_PROTOTYPES = YES;
				CLANG_WARN_SUSPICIOUS_MOVE = YES;
				CLANG_WARN_UNGUARDED_AVAILABILITY = YES_AGGRESSIVE;
				CLANG_WARN_UNREACHABLE_CODE = YES;
				CLANG_WARN__DUPLICATE_METHOD_MATCH = YES;
				COPY_PHASE_STRIP = NO;
				DEBUG_INFORMATION_FORMAT = "dwarf-with-dsym";
				ENABLE_NS_ASSERTIONS = NO;
				ENABLE_STRICT_OBJC_MSGSEND = YES;
				GCC_C_LANGUAGE_STANDARD = gnu11;
				GCC_NO_COMMON_BLOCKS = YES;
				GCC_WARN_64_TO_32_BIT_CONVERSION = YES;
				GCC_WARN_ABOUT_RETURN_TYPE = YES_ERROR;
				GCC_WARN_UNDECLARED_SELECTOR = YES;
				GCC_WARN_UNINITIALIZED_AUTOS = YES_AGGRESSIVE;
				GCC_WARN_UNUSED_FUNCTION = YES;
				GCC_WARN_UNUSED_VARIABLE = YES;
				IPHONEOS_DEPLOYMENT_TARGET = 15.5;
				MTL_ENABLE_DEBUG_INFO = NO;
				MTL_FAST_MATH = YES;
				SDKROOT = iphoneos;
				SWIFT_COMPILATION_MODE = wholemodule;
				SWIFT_OPTIMIZATION_LEVEL = "-O";
				VALIDATE_PRODUCT = YES;
			};
			name = Release;
		};
		FF58749E28CACD6F00DD4FF4 /* Debug */ = {
			isa = XCBuildConfiguration;
			buildSettings = {
				ASSETCATALOG_COMPILER_APPICON_NAME = AppIcon;
				ASSETCATALOG_COMPILER_GLOBAL_ACCENT_COLOR_NAME = AccentColor;
				CODE_SIGN_STYLE = Automatic;
				CURRENT_PROJECT_VERSION = 1;
				DEVELOPMENT_ASSET_PATHS = "\"CarListing/Preview Content\"";
				DEVELOPMENT_TEAM = J275YB2YPQ;
				ENABLE_PREVIEWS = YES;
				GENERATE_INFOPLIST_FILE = YES;
				INFOPLIST_KEY_UIApplicationSceneManifest_Generation = YES;
				INFOPLIST_KEY_UIApplicationSupportsIndirectInputEvents = YES;
				INFOPLIST_KEY_UILaunchScreen_Generation = YES;
				INFOPLIST_KEY_UISupportedInterfaceOrientations_iPad = "UIInterfaceOrientationPortrait UIInterfaceOrientationPortraitUpsideDown UIInterfaceOrientationLandscapeLeft UIInterfaceOrientationLandscapeRight";
				INFOPLIST_KEY_UISupportedInterfaceOrientations_iPhone = "UIInterfaceOrientationPortrait UIInterfaceOrientationLandscapeLeft UIInterfaceOrientationLandscapeRight";
				LD_RUNPATH_SEARCH_PATHS = (
					"$(inherited)",
					"@executable_path/Frameworks",
				);
				MARKETING_VERSION = 1.0;
				PRODUCT_BUNDLE_IDENTIFIER = com.codablecode.CarListing;
				PRODUCT_NAME = "$(TARGET_NAME)";
				SWIFT_EMIT_LOC_STRINGS = YES;
				SWIFT_VERSION = 5.0;
				TARGETED_DEVICE_FAMILY = "1,2";
			};
			name = Debug;
		};
		FF58749F28CACD6F00DD4FF4 /* Release */ = {
			isa = XCBuildConfiguration;
			buildSettings = {
				ASSETCATALOG_COMPILER_APPICON_NAME = AppIcon;
				ASSETCATALOG_COMPILER_GLOBAL_ACCENT_COLOR_NAME = AccentColor;
				CODE_SIGN_STYLE = Automatic;
				CURRENT_PROJECT_VERSION = 1;
				DEVELOPMENT_ASSET_PATHS = "\"CarListing/Preview Content\"";
				DEVELOPMENT_TEAM = J275YB2YPQ;
				ENABLE_PREVIEWS = YES;
				GENERATE_INFOPLIST_FILE = YES;
				INFOPLIST_KEY_UIApplicationSceneManifest_Generation = YES;
				INFOPLIST_KEY_UIApplicationSupportsIndirectInputEvents = YES;
				INFOPLIST_KEY_UILaunchScreen_Generation = YES;
				INFOPLIST_KEY_UISupportedInterfaceOrientations_iPad = "UIInterfaceOrientationPortrait UIInterfaceOrientationPortraitUpsideDown UIInterfaceOrientationLandscapeLeft UIInterfaceOrientationLandscapeRight";
				INFOPLIST_KEY_UISupportedInterfaceOrientations_iPhone = "UIInterfaceOrientationPortrait UIInterfaceOrientationLandscapeLeft UIInterfaceOrientationLandscapeRight";
				LD_RUNPATH_SEARCH_PATHS = (
					"$(inherited)",
					"@executable_path/Frameworks",
				);
				MARKETING_VERSION = 1.0;
				PRODUCT_BUNDLE_IDENTIFIER = com.codablecode.CarListing;
				PRODUCT_NAME = "$(TARGET_NAME)";
				SWIFT_EMIT_LOC_STRINGS = YES;
				SWIFT_VERSION = 5.0;
				TARGETED_DEVICE_FAMILY = "1,2";
			};
			name = Release;
		};
/* End XCBuildConfiguration section */

/* Begin XCConfigurationList section */
		FF58748A28CACD6B00DD4FF4 /* Build configuration list for PBXProject "CarListing" */ = {
			isa = XCConfigurationList;
			buildConfigurations = (
				FF58749B28CACD6F00DD4FF4 /* Debug */,
				FF58749C28CACD6F00DD4FF4 /* Release */,
			);
			defaultConfigurationIsVisible = 0;
			defaultConfigurationName = Release;
		};
		FF58749D28CACD6F00DD4FF4 /* Build configuration list for PBXNativeTarget "CarListing" */ = {
			isa = XCConfigurationList;
			buildConfigurations = (
				FF58749E28CACD6F00DD4FF4 /* Debug */,
				FF58749F28CACD6F00DD4FF4 /* Release */,
			);
			defaultConfigurationIsVisible = 0;
			defaultConfigurationName = Release;
		};
/* End XCConfigurationList section */
	};
	rootObject = FF58748728CACD6B00DD4FF4 /* Project object */;
}
